// !$*UTF8*$!
{
	archiveVersion = 1;
	classes = {
	};
	objectVersion = 50;
	objects = {

/* Begin PBXBuildFile section */
		464077A22328B0C200820F44 /* AppDelegate.swift in Sources */ = {isa = PBXBuildFile; fileRef = 464077A12328B0C200820F44 /* AppDelegate.swift */; };
		464077A72328B0C200820F44 /* Main.storyboard in Resources */ = {isa = PBXBuildFile; fileRef = 464077A52328B0C200820F44 /* Main.storyboard */; };
		464077A92328B0C300820F44 /* Assets.xcassets in Resources */ = {isa = PBXBuildFile; fileRef = 464077A82328B0C300820F44 /* Assets.xcassets */; };
		464077AC2328B0C300820F44 /* LaunchScreen.storyboard in Resources */ = {isa = PBXBuildFile; fileRef = 464077AA2328B0C300820F44 /* LaunchScreen.storyboard */; };
		464077B42328B2B900820F44 /* JokeTableViewController.swift in Sources */ = {isa = PBXBuildFile; fileRef = 464077B32328B2B900820F44 /* JokeTableViewController.swift */; };
		46732475232B623B00376C30 /* JokeDefinitionViewController.swift in Sources */ = {isa = PBXBuildFile; fileRef = 46732474232B623B00376C30 /* JokeDefinitionViewController.swift */; };
/* End PBXBuildFile section */

/* Begin PBXFileReference section */
		4640779E2328B0C200820F44 /* JokeBank.app */ = {isa = PBXFileReference; explicitFileType = wrapper.application; includeInIndex = 0; path = JokeBank.app; sourceTree = BUILT_PRODUCTS_DIR; };
		464077A12328B0C200820F44 /* AppDelegate.swift */ = {isa = PBXFileReference; lastKnownFileType = sourcecode.swift; path = AppDelegate.swift; sourceTree = "<group>"; };
		464077A62328B0C200820F44 /* Base */ = {isa = PBXFileReference; lastKnownFileType = file.storyboard; name = Base; path = Base.lproj/Main.storyboard; sourceTree = "<group>"; };
		464077A82328B0C300820F44 /* Assets.xcassets */ = {isa = PBXFileReference; lastKnownFileType = folder.assetcatalog; path = Assets.xcassets; sourceTree = "<group>"; };
		464077AB2328B0C300820F44 /* Base */ = {isa = PBXFileReference; lastKnownFileType = file.storyboard; name = Base; path = Base.lproj/LaunchScreen.storyboard; sourceTree = "<group>"; };
		464077AD2328B0C300820F44 /* Info.plist */ = {isa = PBXFileReference; lastKnownFileType = text.plist.xml; path = Info.plist; sourceTree = "<group>"; };
		464077B32328B2B900820F44 /* JokeTableViewController.swift */ = {isa = PBXFileReference; lastKnownFileType = sourcecode.swift; path = JokeTableViewController.swift; sourceTree = "<group>"; };
		46732474232B623B00376C30 /* JokeDefinitionViewController.swift */ = {isa = PBXFileReference; lastKnownFileType = sourcecode.swift; path = JokeDefinitionViewController.swift; sourceTree = "<group>"; };
/* End PBXFileReference section */

/* Begin PBXFrameworksBuildPhase section */
		4640779B2328B0C200820F44 /* Frameworks */ = {
			isa = PBXFrameworksBuildPhase;
			buildActionMask = 2147483647;
			files = (
			);
			runOnlyForDeploymentPostprocessing = 0;
		};
/* End PBXFrameworksBuildPhase section */

/* Begin PBXGroup section */
		464077952328B0C200820F44 = {
			isa = PBXGroup;
			children = (
				464077A02328B0C200820F44 /* JokeBank */,
				4640779F2328B0C200820F44 /* Products */,
			);
			sourceTree = "<group>";
		};
		4640779F2328B0C200820F44 /* Products */ = {
			isa = PBXGroup;
			children = (
				4640779E2328B0C200820F44 /* JokeBank.app */,
			);
			name = Products;
			sourceTree = "<group>";
		};
		464077A02328B0C200820F44 /* JokeBank */ = {
			isa = PBXGroup;
			children = (
				464077A12328B0C200820F44 /* AppDelegate.swift */,
				464077B32328B2B900820F44 /* JokeTableViewController.swift */,
				46732474232B623B00376C30 /* JokeDefinitionViewController.swift */,
				464077A52328B0C200820F44 /* Main.storyboard */,
				464077A82328B0C300820F44 /* Assets.xcassets */,
				464077AA2328B0C300820F44 /* LaunchScreen.storyboard */,
				464077AD2328B0C300820F44 /* Info.plist */,
			);
			path = JokeBank;
			sourceTree = "<group>";
		};
/* End PBXGroup section */

/* Begin PBXNativeTarget section */
		4640779D2328B0C200820F44 /* JokeBank */ = {
			isa = PBXNativeTarget;
			buildConfigurationList = 464077B02328B0C300820F44 /* Build configuration list for PBXNativeTarget "JokeBank" */;
			buildPhases = (
				4640779A2328B0C200820F44 /* Sources */,
				4640779B2328B0C200820F44 /* Frameworks */,
				4640779C2328B0C200820F44 /* Resources */,
			);
			buildRules = (
			);
			dependencies = (
			);
			name = JokeBank;
			productName = JokeBank;
			productReference = 4640779E2328B0C200820F44 /* JokeBank.app */;
			productType = "com.apple.product-type.application";
		};
/* End PBXNativeTarget section */

/* Begin PBXProject section */
		464077962328B0C200820F44 /* Project object */ = {
			isa = PBXProject;
			attributes = {
				LastSwiftUpdateCheck = 1030;
				LastUpgradeCheck = 1030;
				ORGANIZATIONNAME = "Zequn Yu";
				TargetAttributes = {
					4640779D2328B0C200820F44 = {
						CreatedOnToolsVersion = 10.3;
					};
				};
			};
			buildConfigurationList = 464077992328B0C200820F44 /* Build configuration list for PBXProject "JokeBank" */;
			compatibilityVersion = "Xcode 9.3";
			developmentRegion = en;
			hasScannedForEncodings = 0;
			knownRegions = (
				en,
				Base,
			);
			mainGroup = 464077952328B0C200820F44;
			productRefGroup = 4640779F2328B0C200820F44 /* Products */;
			projectDirPath = "";
			projectRoot = "";
			targets = (
				4640779D2328B0C200820F44 /* JokeBank */,
			);
		};
/* End PBXProject section */

/* Begin PBXResourcesBuildPhase section */
		4640779C2328B0C200820F44 /* Resources */ = {
			isa = PBXResourcesBuildPhase;
			buildActionMask = 2147483647;
			files = (
				464077AC2328B0C300820F44 /* LaunchScreen.storyboard in Resources */,
				464077A92328B0C300820F44 /* Assets.xcassets in Resources */,
				464077A72328B0C200820F44 /* Main.storyboard in Resources */,
			);
			runOnlyForDeploymentPostprocessing = 0;
		};
/* End PBXResourcesBuildPhase section */

/* Begin PBXSourcesBuildPhase section */
		4640779A2328B0C200820F44 /* Sources */ = {
			isa = PBXSourcesBuildPhase;
			buildActionMask = 2147483647;
			files = (
				46732475232B623B00376C30 /* JokeDefinitionViewController.swift in Sources */,
				464077B42328B2B900820F44 /* JokeTableViewController.swift in Sources */,
				464077A22328B0C200820F44 /* AppDelegate.swift in Sources */,
			);
			runOnlyForDeploymentPostprocessing = 0;
		};
/* End PBXSourcesBuildPhase section */

/* Begin PBXVariantGroup section */
		464077A52328B0C200820F44 /* Main.storyboard */ = {
			isa = PBXVariantGroup;
			children = (
				464077A62328B0C200820F44 /* Base */,
			);
			name = Main.storyboard;
			sourceTree = "<group>";
		};
		464077AA2328B0C300820F44 /* LaunchScreen.storyboard */ = {
			isa = PBXVariantGroup;
			children = (
				464077AB2328B0C300820F44 /* Base */,
			);
			name = LaunchScreen.storyboard;
			sourceTree = "<group>";
		};
/* End PBXVariantGroup section */

/* Begin XCBuildConfiguration section */
		464077AE2328B0C300820F44 /* Debug */ = {
			isa = XCBuildConfiguration;
			buildSettings = {
				ALWAYS_SEARCH_USER_PATHS = NO;
				CLANG_ANALYZER_NONNULL = YES;
				CLANG_ANALYZER_NUMBER_OBJECT_CONVERSION = YES_AGGRESSIVE;
				CLANG_CXX_LANGUAGE_STANDARD = "gnu++14";
				CLANG_CXX_LIBRARY = "libc++";
				CLANG_ENABLE_MODULES = YES;
				CLANG_ENABLE_OBJC_ARC = YES;
				CLANG_ENABLE_OBJC_WEAK = YES;
				CLANG_WARN_BLOCK_CAPTURE_AUTORELEASING = YES;
				CLANG_WARN_BOOL_CONVERSION = YES;
				CLANG_WARN_COMMA = YES;
				CLANG_WARN_CONSTANT_CONVERSION = YES;
				CLANG_WARN_DEPRECATED_OBJC_IMPLEMENTATIONS = YES;
				CLANG_WARN_DIRECT_OBJC_ISA_USAGE = YES_ERROR;
				CLANG_WARN_DOCUMENTATION_COMMENTS = YES;
				CLANG_WARN_EMPTY_BODY = YES;
				CLANG_WARN_ENUM_CONVERSION = YES;
				CLANG_WARN_INFINITE_RECURSION = YES;
				CLANG_WARN_INT_CONVERSION = YES;
				CLANG_WARN_NON_LITERAL_NULL_CONVERSION = YES;
				CLANG_WARN_OBJC_IMPLICIT_RETAIN_SELF = YES;
				CLANG_WARN_OBJC_LITERAL_CONVERSION = YES;
				CLANG_WARN_OBJC_ROOT_CLASS = YES_ERROR;
				CLANG_WARN_RANGE_LOOP_ANALYSIS = YES;
				CLANG_WARN_STRICT_PROTOTYPES = YES;
				CLANG_WARN_SUSPICIOUS_MOVE = YES;
				CLANG_WARN_UNGUARDED_AVAILABILITY = YES_AGGRESSIVE;
				CLANG_WARN_UNREACHABLE_CODE = YES;
				CLANG_WARN__DUPLICATE_METHOD_MATCH = YES;
				CODE_SIGN_IDENTITY = "iPhone Developer";
				COPY_PHASE_STRIP = NO;
				DEBUG_INFORMATION_FORMAT = dwarf;
				ENABLE_STRICT_OBJC_MSGSEND = YES;
				ENABLE_TESTABILITY = YES;
				GCC_C_LANGUAGE_STANDARD = gnu11;
				GCC_DYNAMIC_NO_PIC = NO;
				GCC_NO_COMMON_BLOCKS = YES;
				GCC_OPTIMIZATION_LEVEL = 0;
				GCC_PREPROCESSOR_DEFINITIONS = (
					"DEBUG=1",
					"$(inherited)",
				);
				GCC_WARN_64_TO_32_BIT_CONVERSION = YES;
				GCC_WARN_ABOUT_RETURN_TYPE = YES_ERROR;
				GCC_WARN_UNDECLARED_SELECTOR = YES;
				GCC_WARN_UNINITIALIZED_AUTOS = YES_AGGRESSIVE;
				GCC_WARN_UNUSED_FUNCTION = YES;
				GCC_WARN_UNUSED_VARIABLE = YES;
				IPHONEOS_DEPLOYMENT_TARGET = 12.4;
				MTL_ENABLE_DEBUG_INFO = INCLUDE_SOURCE;
				MTL_FAST_MATH = YES;
				ONLY_ACTIVE_ARCH = YES;
				SDKROOT = iphoneos;
				SWIFT_ACTIVE_COMPILATION_CONDITIONS = DEBUG;
				SWIFT_OPTIMIZATION_LEVEL = "-Onone";
			};
			name = Debug;
		};
		464077AF2328B0C300820F44 /* Release */ = {
			isa = XCBuildConfiguration;
			buildSettings = {
				ALWAYS_SEARCH_USER_PATHS = NO;
				CLANG_ANALYZER_NONNULL = YES;
				CLANG_ANALYZER_NUMBER_OBJECT_CONVERSION = YES_AGGRESSIVE;
				CLANG_CXX_LANGUAGE_STANDARD = "gnu++14";
				CLANG_CXX_LIBRARY = "libc++";
				CLANG_ENABLE_MODULES = YES;
				CLANG_ENABLE_OBJC_ARC = YES;
				CLANG_ENABLE_OBJC_WEAK = YES;
				CLANG_WARN_BLOCK_CAPTURE_AUTORELEASING = YES;
				CLANG_WARN_BOOL_CONVERSION = YES;
				CLANG_WARN_COMMA = YES;
				CLANG_WARN_CONSTANT_CONVERSION = YES;
				CLANG_WARN_DEPRECATED_OBJC_IMPLEMENTATIONS = YES;
				CLANG_WARN_DIRECT_OBJC_ISA_USAGE = YES_ERROR;
				CLANG_WARN_DOCUMENTATION_COMMENTS = YES;
				CLANG_WARN_EMPTY_BODY = YES;
				CLANG_WARN_ENUM_CONVERSION = YES;
				CLANG_WARN_INFINITE_RECURSION = YES;
				CLANG_WARN_INT_CONVERSION = YES;
				CLANG_WARN_NON_LITERAL_NULL_CONVERSION = YES;
				CLANG_WARN_OBJC_IMPLICIT_RETAIN_SELF = YES;
				CLANG_WARN_OBJC_LITERAL_CONVERSION = YES;
				CLANG_WARN_OBJC_ROOT_CLASS = YES_ERROR;
				CLANG_WARN_RANGE_LOOP_ANALYSIS = YES;
				CLANG_WARN_STRICT_PROTOTYPES = YES;
				CLANG_WARN_SUSPICIOUS_MOVE = YES;
				CLANG_WARN_UNGUARDED_AVAILABILITY = YES_AGGRESSIVE;
				CLANG_WARN_UNREACHABLE_CODE = YES;
				CLANG_WARN__DUPLICATE_METHOD_MATCH = YES;
				CODE_SIGN_IDENTITY = "iPhone Developer";
				COPY_PHASE_STRIP = NO;
				DEBUG_INFORMATION_FORMAT = "dwarf-with-dsym";
				ENABLE_NS_ASSERTIONS = NO;
				ENABLE_STRICT_OBJC_MSGSEND = YES;
				GCC_C_LANGUAGE_STANDARD = gnu11;
				GCC_NO_COMMON_BLOCKS = YES;
				GCC_WARN_64_TO_32_BIT_CONVERSION = YES;
				GCC_WARN_ABOUT_RETURN_TYPE = YES_ERROR;
				GCC_WARN_UNDECLARED_SELECTOR = YES;
				GCC_WARN_UNINITIALIZED_AUTOS = YES_AGGRESSIVE;
				GCC_WARN_UNUSED_FUNCTION = YES;
				GCC_WARN_UNUSED_VARIABLE = YES;
				IPHONEOS_DEPLOYMENT_TARGET = 12.4;
				MTL_ENABLE_DEBUG_INFO = NO;
				MTL_FAST_MATH = YES;
				SDKROOT = iphoneos;
				SWIFT_COMPILATION_MODE = wholemodule;
				SWIFT_OPTIMIZATION_LEVEL = "-O";
				VALIDATE_PRODUCT = YES;
			};
			name = Release;
		};
		464077B12328B0C300820F44 /* Debug */ = {
			isa = XCBuildConfiguration;
			buildSettings = {
				ASSETCATALOG_COMPILER_APPICON_NAME = AppIcon;
				CODE_SIGN_STYLE = Automatic;
				INFOPLIST_FILE = JokeBank/Info.plist;
				LD_RUNPATH_SEARCH_PATHS = (
					"$(inherited)",
					"@executable_path/Frameworks",
				);
				PRODUCT_BUNDLE_IDENTIFIER = com.zequnyu.JokeBank;
				PRODUCT_NAME = "$(TARGET_NAME)";
				SWIFT_VERSION = 5.0;
				TARGETED_DEVICE_FAMILY = "1,2";
			};
			name = Debug;
		};
		464077B22328B0C300820F44 /* Release */ = {
			isa = XCBuildConfiguration;
			buildSettings = {
				ASSETCATALOG_COMPILER_APPICON_NAME = AppIcon;
				CODE_SIGN_STYLE = Automatic;
				INFOPLIST_FILE = JokeBank/Info.plist;
				LD_RUNPATH_SEARCH_PATHS = (
					"$(inherited)",
					"@executable_path/Frameworks",
				);
				PRODUCT_BUNDLE_IDENTIFIER = com.zequnyu.JokeBank;
				PRODUCT_NAME = "$(TARGET_NAME)";
				SWIFT_VERSION = 5.0;
				TARGETED_DEVICE_FAMILY = "1,2";
			};
			name = Release;
		};
/* End XCBuildConfiguration section */

/* Begin XCConfigurationList section */
		464077992328B0C200820F44 /* Build configuration list for PBXProject "JokeBank" */ = {
			isa = XCConfigurationList;
			buildConfigurations = (
				464077AE2328B0C300820F44 /* Debug */,
				464077AF2328B0C300820F44 /* Release */,
			);
			defaultConfigurationIsVisible = 0;
			defaultConfigurationName = Release;
		};
		464077B02328B0C300820F44 /* Build configuration list for PBXNativeTarget "JokeBank" */ = {
			isa = XCConfigurationList;
			buildConfigurations = (
				464077B12328B0C300820F44 /* Debug */,
				464077B22328B0C300820F44 /* Release */,
			);
			defaultConfigurationIsVisible = 0;
			defaultConfigurationName = Release;
		};
/* End XCConfigurationList section */
	};
	rootObject = 464077962328B0C200820F44 /* Project object */;
}
